Microsoft Visual Studio Solution File, Format Version 12.00
# Visual Studio 2012
Project("{FAE04EC0-301F-11D3-BF4B-00C04F79EFBC}") = "RacingGame", "RacingGame.csproj", "{707C30B1-13AA-4BA8-A6F5-984CD695351F}"
EndProject
Global
	GlobalSection(SolutionConfigurationPlatforms) = preSolution
	Debug|Any CPU = Debug|Any CPU
	ExportDebug|Any CPU = ExportDebug|Any CPU
	ExportRelease|Any CPU = ExportRelease|Any CPU
	EndGlobalSection
	GlobalSection(ProjectConfigurationPlatforms) = postSolution
		{707C30B1-13AA-4BA8-A6F5-984CD695351F}.Debug|Any CPU.ActiveCfg = Debug|Any CPU
		{707C30B1-13AA-4BA8-A6F5-984CD695351F}.Debug|Any CPU.Build.0 = Debug|Any CPU
		{707C30B1-13AA-4BA8-A6F5-984CD695351F}.ExportDebug|Any CPU.ActiveCfg = ExportDebug|Any CPU
		{707C30B1-13AA-4BA8-A6F5-984CD695351F}.ExportDebug|Any CPU.Build.0 = ExportDebug|Any CPU
		{707C30B1-13AA-4BA8-A6F5-984CD695351F}.ExportRelease|Any CPU.ActiveCfg = ExportRelease|Any CPU
		{707C30B1-13AA-4BA8-A6F5-984CD695351F}.ExportRelease|Any CPU.Build.0 = ExportRelease|Any CPU
	EndGlobalSection
EndGlobal
