Microsoft Visual Studio Solution File, Format Version 12.00
# Visual Studio 2012
Project("{FAE04EC0-301F-11D3-BF4B-00C04F79EFBC}") = "Arkanoid", "Arkanoid.csproj", "{DCF043B3-044B-477D-BED6-18F1FAE075AF}"
EndProject
Global
	GlobalSection(SolutionConfigurationPlatforms) = preSolution
	Debug|Any CPU = Debug|Any CPU
	ExportDebug|Any CPU = ExportDebug|Any CPU
	ExportRelease|Any CPU = ExportRelease|Any CPU
	EndGlobalSection
	GlobalSection(ProjectConfigurationPlatforms) = postSolution
		{DCF043B3-044B-477D-BED6-18F1FAE075AF}.Debug|Any CPU.ActiveCfg = Debug|Any CPU
		{DCF043B3-044B-477D-BED6-18F1FAE075AF}.Debug|Any CPU.Build.0 = Debug|Any CPU
		{DCF043B3-044B-477D-BED6-18F1FAE075AF}.ExportDebug|Any CPU.ActiveCfg = ExportDebug|Any CPU
		{DCF043B3-044B-477D-BED6-18F1FAE075AF}.ExportDebug|Any CPU.Build.0 = ExportDebug|Any CPU
		{DCF043B3-044B-477D-BED6-18F1FAE075AF}.ExportRelease|Any CPU.ActiveCfg = ExportRelease|Any CPU
		{DCF043B3-044B-477D-BED6-18F1FAE075AF}.ExportRelease|Any CPU.Build.0 = ExportRelease|Any CPU
	EndGlobalSection
EndGlobal
